// !$*UTF8*$!
{
	archiveVersion = 1;
	classes = {
	};
	objectVersion = 46;
	objects = {

/* Begin PBXBuildFile section */
		D8D6165F197B636900B9610C /* Foundation.framework in Frameworks */ = {isa = PBXBuildFile; fileRef = D8D6165E197B636900B9610C /* Foundation.framework */; };
		D8D61661197B636900B9610C /* CoreGraphics.framework in Frameworks */ = {isa = PBXBuildFile; fileRef = D8D61660197B636900B9610C /* CoreGraphics.framework */; };
		D8D61663197B636900B9610C /* UIKit.framework in Frameworks */ = {isa = PBXBuildFile; fileRef = D8D61662197B636900B9610C /* UIKit.framework */; };
		D8D61665197B636900B9610C /* CoreData.framework in Frameworks */ = {isa = PBXBuildFile; fileRef = D8D61664197B636900B9610C /* CoreData.framework */; };
		D8D6166B197B636900B9610C /* InfoPlist.strings in Resources */ = {isa = PBXBuildFile; fileRef = D8D61669197B636900B9610C /* InfoPlist.strings */; };
		D8D6166D197B636900B9610C /* main.m in Sources */ = {isa = PBXBuildFile; fileRef = D8D6166C197B636900B9610C /* main.m */; };
		D8D61671197B636900B9610C /* AppDelegate.m in Sources */ = {isa = PBXBuildFile; fileRef = D8D61670197B636900B9610C /* AppDelegate.m */; };
		D8D61674197B636900B9610C /* Main.storyboard in Resources */ = {isa = PBXBuildFile; fileRef = D8D61672197B636900B9610C /* Main.storyboard */; };
		D8D61677197B636900B9610C /* RealmDemo.xcdatamodeld in Sources */ = {isa = PBXBuildFile; fileRef = D8D61675197B636900B9610C /* RealmDemo.xcdatamodeld */; };
		D8D6167F197B636900B9610C /* Images.xcassets in Resources */ = {isa = PBXBuildFile; fileRef = D8D6167E197B636900B9610C /* Images.xcassets */; };
		D8D61686197B636A00B9610C /* XCTest.framework in Frameworks */ = {isa = PBXBuildFile; fileRef = D8D61685197B636A00B9610C /* XCTest.framework */; };
		D8D61687197B636A00B9610C /* Foundation.framework in Frameworks */ = {isa = PBXBuildFile; fileRef = D8D6165E197B636900B9610C /* Foundation.framework */; };
		D8D61688197B636A00B9610C /* UIKit.framework in Frameworks */ = {isa = PBXBuildFile; fileRef = D8D61662197B636900B9610C /* UIKit.framework */; };
		D8D61689197B636A00B9610C /* CoreData.framework in Frameworks */ = {isa = PBXBuildFile; fileRef = D8D61664197B636900B9610C /* CoreData.framework */; };
		D8D61691197B636A00B9610C /* InfoPlist.strings in Resources */ = {isa = PBXBuildFile; fileRef = D8D6168F197B636A00B9610C /* InfoPlist.strings */; };
		D8D61693197B636A00B9610C /* Realm_DemoTests.m in Sources */ = {isa = PBXBuildFile; fileRef = D8D61692197B636A00B9610C /* Realm_DemoTests.m */; };
		D8D616A1197B640C00B9610C /* MainViewController.m in Sources */ = {isa = PBXBuildFile; fileRef = D8D616A0197B640C00B9610C /* MainViewController.m */; };
		D8D616A5197B646100B9610C /* DataSource.m in Sources */ = {isa = PBXBuildFile; fileRef = D8D616A4197B646100B9610C /* DataSource.m */; };
/* End PBXBuildFile section */

/* Begin PBXContainerItemProxy section */
		D8D6168A197B636A00B9610C /* PBXContainerItemProxy */ = {
			isa = PBXContainerItemProxy;
			containerPortal = D8D61653197B636900B9610C /* Project object */;
			proxyType = 1;
			remoteGlobalIDString = D8D6165A197B636900B9610C;
			remoteInfo = "Realm-Demo";
		};
/* End PBXContainerItemProxy section */

/* Begin PBXFileReference section */
		D8D6165B197B636900B9610C /* Realm-Demo.app */ = {isa = PBXFileReference; explicitFileType = wrapper.application; includeInIndex = 0; path = "Realm-Demo.app"; sourceTree = BUILT_PRODUCTS_DIR; };
		D8D6165E197B636900B9610C /* Foundation.framework */ = {isa = PBXFileReference; lastKnownFileType = wrapper.framework; name = Foundation.framework; path = System/Library/Frameworks/Foundation.framework; sourceTree = SDKROOT; };
		D8D61660197B636900B9610C /* CoreGraphics.framework */ = {isa = PBXFileReference; lastKnownFileType = wrapper.framework; name = CoreGraphics.framework; path = System/Library/Frameworks/CoreGraphics.framework; sourceTree = SDKROOT; };
		D8D61662197B636900B9610C /* UIKit.framework */ = {isa = PBXFileReference; lastKnownFileType = wrapper.framework; name = UIKit.framework; path = System/Library/Frameworks/UIKit.framework; sourceTree = SDKROOT; };
		D8D61664197B636900B9610C /* CoreData.framework */ = {isa = PBXFileReference; lastKnownFileType = wrapper.framework; name = CoreData.framework; path = System/Library/Frameworks/CoreData.framework; sourceTree = SDKROOT; };
		D8D61668197B636900B9610C /* Realm-Demo-Info.plist */ = {isa = PBXFileReference; lastKnownFileType = text.plist.xml; path = "Realm-Demo-Info.plist"; sourceTree = "<group>"; };
		D8D6166A197B636900B9610C /* en */ = {isa = PBXFileReference; lastKnownFileType = text.plist.strings; name = en; path = en.lproj/InfoPlist.strings; sourceTree = "<group>"; };
		D8D6166C197B636900B9610C /* main.m */ = {isa = PBXFileReference; lastKnownFileType = sourcecode.c.objc; path = main.m; sourceTree = "<group>"; };
		D8D6166E197B636900B9610C /* Realm-Demo-Prefix.pch */ = {isa = PBXFileReference; lastKnownFileType = sourcecode.c.h; path = "Realm-Demo-Prefix.pch"; sourceTree = "<group>"; };
		D8D6166F197B636900B9610C /* AppDelegate.h */ = {isa = PBXFileReference; lastKnownFileType = sourcecode.c.h; path = AppDelegate.h; sourceTree = "<group>"; };
		D8D61670197B636900B9610C /* AppDelegate.m */ = {isa = PBXFileReference; lastKnownFileType = sourcecode.c.objc; path = AppDelegate.m; sourceTree = "<group>"; };
		D8D61673197B636900B9610C /* Base */ = {isa = PBXFileReference; lastKnownFileType = file.storyboard; name = Base; path = Base.lproj/Main.storyboard; sourceTree = "<group>"; };
		D8D61676197B636900B9610C /* RealmDemo.xcdatamodel */ = {isa = PBXFileReference; lastKnownFileType = wrapper.xcdatamodel; path = RealmDemo.xcdatamodel; sourceTree = "<group>"; };
		D8D6167E197B636900B9610C /* Images.xcassets */ = {isa = PBXFileReference; lastKnownFileType = folder.assetcatalog; path = Images.xcassets; sourceTree = "<group>"; };
		D8D61684197B636A00B9610C /* Realm-DemoTests.xctest */ = {isa = PBXFileReference; explicitFileType = wrapper.cfbundle; includeInIndex = 0; path = "Realm-DemoTests.xctest"; sourceTree = BUILT_PRODUCTS_DIR; };
		D8D61685197B636A00B9610C /* XCTest.framework */ = {isa = PBXFileReference; lastKnownFileType = wrapper.framework; name = XCTest.framework; path = Library/Frameworks/XCTest.framework; sourceTree = DEVELOPER_DIR; };
		D8D6168E197B636A00B9610C /* Realm-DemoTests-Info.plist */ = {isa = PBXFileReference; lastKnownFileType = text.plist.xml; path = "Realm-DemoTests-Info.plist"; sourceTree = "<group>"; };
		D8D61690197B636A00B9610C /* en */ = {isa = PBXFileReference; lastKnownFileType = text.plist.strings; name = en; path = en.lproj/InfoPlist.strings; sourceTree = "<group>"; };
		D8D61692197B636A00B9610C /* Realm_DemoTests.m */ = {isa = PBXFileReference; lastKnownFileType = sourcecode.c.objc; path = Realm_DemoTests.m; sourceTree = "<group>"; };
		D8D6169F197B640C00B9610C /* MainViewController.h */ = {isa = PBXFileReference; fileEncoding = 4; lastKnownFileType = sourcecode.c.h; path = MainViewController.h; sourceTree = "<group>"; };
		D8D616A0197B640C00B9610C /* MainViewController.m */ = {isa = PBXFileReference; fileEncoding = 4; lastKnownFileType = sourcecode.c.objc; path = MainViewController.m; sourceTree = "<group>"; };
		D8D616A3197B646100B9610C /* DataSource.h */ = {isa = PBXFileReference; fileEncoding = 4; lastKnownFileType = sourcecode.c.h; path = DataSource.h; sourceTree = "<group>"; };
		D8D616A4197B646100B9610C /* DataSource.m */ = {isa = PBXFileReference; fileEncoding = 4; lastKnownFileType = sourcecode.c.objc; path = DataSource.m; sourceTree = "<group>"; };
/* End PBXFileReference section */

/* Begin PBXFrameworksBuildPhase section */
		D8D61658197B636900B9610C /* Frameworks */ = {
			isa = PBXFrameworksBuildPhase;
			buildActionMask = 2147483647;
			files = (
				D8D61661197B636900B9610C /* CoreGraphics.framework in Frameworks */,
				D8D61665197B636900B9610C /* CoreData.framework in Frameworks */,
				D8D61663197B636900B9610C /* UIKit.framework in Frameworks */,
				D8D6165F197B636900B9610C /* Foundation.framework in Frameworks */,
			);
			runOnlyForDeploymentPostprocessing = 0;
		};
		D8D61681197B636A00B9610C /* Frameworks */ = {
			isa = PBXFrameworksBuildPhase;
			buildActionMask = 2147483647;
			files = (
				D8D61686197B636A00B9610C /* XCTest.framework in Frameworks */,
				D8D61689197B636A00B9610C /* CoreData.framework in Frameworks */,
				D8D61688197B636A00B9610C /* UIKit.framework in Frameworks */,
				D8D61687197B636A00B9610C /* Foundation.framework in Frameworks */,
			);
			runOnlyForDeploymentPostprocessing = 0;
		};
/* End PBXFrameworksBuildPhase section */

/* Begin PBXGroup section */
		D8D61652197B636900B9610C = {
			isa = PBXGroup;
			children = (
				D8D61666197B636900B9610C /* Realm-Demo */,
				D8D6168C197B636A00B9610C /* Realm-DemoTests */,
				D8D6165D197B636900B9610C /* Frameworks */,
				D8D6165C197B636900B9610C /* Products */,
			);
			sourceTree = "<group>";
		};
		D8D6165C197B636900B9610C /* Products */ = {
			isa = PBXGroup;
			children = (
				D8D6165B197B636900B9610C /* Realm-Demo.app */,
				D8D61684197B636A00B9610C /* Realm-DemoTests.xctest */,
			);
			name = Products;
			sourceTree = "<group>";
		};
		D8D6165D197B636900B9610C /* Frameworks */ = {
			isa = PBXGroup;
			children = (
				D8D61664197B636900B9610C /* CoreData.framework */,
				D8D61660197B636900B9610C /* CoreGraphics.framework */,
				D8D6165E197B636900B9610C /* Foundation.framework */,
				D8D61662197B636900B9610C /* UIKit.framework */,
				D8D61685197B636A00B9610C /* XCTest.framework */,
			);
			name = Frameworks;
			sourceTree = "<group>";
		};
		D8D61666197B636900B9610C /* Realm-Demo */ = {
			isa = PBXGroup;
			children = (
				D8D6169C197B637300B9610C /* Resources */,
				D8D6169E197B638600B9610C /* Source */,
				D8D61667197B636900B9610C /* Supporting Files */,
			);
			path = "Realm-Demo";
			sourceTree = "<group>";
		};
		D8D61667197B636900B9610C /* Supporting Files */ = {
			isa = PBXGroup;
			children = (
				D8D61669197B636900B9610C /* InfoPlist.strings */,
				D8D6166C197B636900B9610C /* main.m */,
				D8D61668197B636900B9610C /* Realm-Demo-Info.plist */,
				D8D6166E197B636900B9610C /* Realm-Demo-Prefix.pch */,
			);
			name = "Supporting Files";
			sourceTree = "<group>";
		};
		D8D6168C197B636A00B9610C /* Realm-DemoTests */ = {
			isa = PBXGroup;
			children = (
				D8D61692197B636A00B9610C /* Realm_DemoTests.m */,
				D8D6168D197B636A00B9610C /* Supporting Files */,
			);
			path = "Realm-DemoTests";
			sourceTree = "<group>";
		};
		D8D6168D197B636A00B9610C /* Supporting Files */ = {
			isa = PBXGroup;
			children = (
				D8D6168F197B636A00B9610C /* InfoPlist.strings */,
				D8D6168E197B636A00B9610C /* Realm-DemoTests-Info.plist */,
			);
			name = "Supporting Files";
			sourceTree = "<group>";
		};
		D8D6169C197B637300B9610C /* Resources */ = {
			isa = PBXGroup;
			children = (
				D8D6167E197B636900B9610C /* Images.xcassets */,
				D8D61672197B636900B9610C /* Main.storyboard */,
				D8D61675197B636900B9610C /* RealmDemo.xcdatamodeld */,
			);
			name = Resources;
			sourceTree = "<group>";
		};
		D8D6169D197B638100B9610C /* View Controllers */ = {
			isa = PBXGroup;
			children = (
				D8D6169F197B640C00B9610C /* MainViewController.h */,
				D8D616A0197B640C00B9610C /* MainViewController.m */,
			);
			name = "View Controllers";
			sourceTree = "<group>";
		};
		D8D6169E197B638600B9610C /* Source */ = {
			isa = PBXGroup;
			children = (
				D8D6166F197B636900B9610C /* AppDelegate.h */,
				D8D61670197B636900B9610C /* AppDelegate.m */,
				D8D616A2197B642D00B9610C /* Model */,
				D8D6169D197B638100B9610C /* View Controllers */,
			);
			name = Source;
			sourceTree = "<group>";
		};
		D8D616A2197B642D00B9610C /* Model */ = {
			isa = PBXGroup;
			children = (
				D8D616A3197B646100B9610C /* DataSource.h */,
				D8D616A4197B646100B9610C /* DataSource.m */,
			);
			name = Model;
			sourceTree = "<group>";
		};
/* End PBXGroup section */

/* Begin PBXNativeTarget section */
		D8D6165A197B636900B9610C /* Realm-Demo */ = {
			isa = PBXNativeTarget;
			buildConfigurationList = D8D61696197B636A00B9610C /* Build configuration list for PBXNativeTarget "Realm-Demo" */;
			buildPhases = (
				D8D61657197B636900B9610C /* Sources */,
				D8D61658197B636900B9610C /* Frameworks */,
				D8D61659197B636900B9610C /* Resources */,
			);
			buildRules = (
			);
			dependencies = (
			);
			name = "Realm-Demo";
			productName = "Realm-Demo";
			productReference = D8D6165B197B636900B9610C /* Realm-Demo.app */;
			productType = "com.apple.product-type.application";
		};
		D8D61683197B636A00B9610C /* Realm-DemoTests */ = {
			isa = PBXNativeTarget;
			buildConfigurationList = D8D61699197B636A00B9610C /* Build configuration list for PBXNativeTarget "Realm-DemoTests" */;
			buildPhases = (
				D8D61680197B636A00B9610C /* Sources */,
				D8D61681197B636A00B9610C /* Frameworks */,
				D8D61682197B636A00B9610C /* Resources */,
			);
			buildRules = (
			);
			dependencies = (
				D8D6168B197B636A00B9610C /* PBXTargetDependency */,
			);
			name = "Realm-DemoTests";
			productName = "Realm-DemoTests";
			productReference = D8D61684197B636A00B9610C /* Realm-DemoTests.xctest */;
			productType = "com.apple.product-type.bundle.unit-test";
		};
/* End PBXNativeTarget section */

/* Begin PBXProject section */
		D8D61653197B636900B9610C /* Project object */ = {
			isa = PBXProject;
			attributes = {
				LastUpgradeCheck = 0510;
				ORGANIZATIONNAME = "Berzerker Design";
				TargetAttributes = {
					D8D61683197B636A00B9610C = {
						TestTargetID = D8D6165A197B636900B9610C;
					};
				};
			};
			buildConfigurationList = D8D61656197B636900B9610C /* Build configuration list for PBXProject "Realm-Demo" */;
			compatibilityVersion = "Xcode 3.2";
			developmentRegion = English;
			hasScannedForEncodings = 0;
			knownRegions = (
				en,
				Base,
			);
			mainGroup = D8D61652197B636900B9610C;
			productRefGroup = D8D6165C197B636900B9610C /* Products */;
			projectDirPath = "";
			projectRoot = "";
			targets = (
				D8D6165A197B636900B9610C /* Realm-Demo */,
				D8D61683197B636A00B9610C /* Realm-DemoTests */,
			);
		};
/* End PBXProject section */

/* Begin PBXResourcesBuildPhase section */
		D8D61659197B636900B9610C /* Resources */ = {
			isa = PBXResourcesBuildPhase;
			buildActionMask = 2147483647;
			files = (
				D8D6167F197B636900B9610C /* Images.xcassets in Resources */,
				D8D6166B197B636900B9610C /* InfoPlist.strings in Resources */,
				D8D61674197B636900B9610C /* Main.storyboard in Resources */,
			);
			runOnlyForDeploymentPostprocessing = 0;
		};
		D8D61682197B636A00B9610C /* Resources */ = {
			isa = PBXResourcesBuildPhase;
			buildActionMask = 2147483647;
			files = (
				D8D61691197B636A00B9610C /* InfoPlist.strings in Resources */,
			);
			runOnlyForDeploymentPostprocessing = 0;
		};
/* End PBXResourcesBuildPhase section */

/* Begin PBXSourcesBuildPhase section */
		D8D61657197B636900B9610C /* Sources */ = {
			isa = PBXSourcesBuildPhase;
			buildActionMask = 2147483647;
			files = (
				D8D61677197B636900B9610C /* RealmDemo.xcdatamodeld in Sources */,
				D8D616A5197B646100B9610C /* DataSource.m in Sources */,
				D8D61671197B636900B9610C /* AppDelegate.m in Sources */,
				D8D6166D197B636900B9610C /* main.m in Sources */,
				D8D616A1197B640C00B9610C /* MainViewController.m in Sources */,
			);
			runOnlyForDeploymentPostprocessing = 0;
		};
		D8D61680197B636A00B9610C /* Sources */ = {
			isa = PBXSourcesBuildPhase;
			buildActionMask = 2147483647;
			files = (
				D8D61693197B636A00B9610C /* Realm_DemoTests.m in Sources */,
			);
			runOnlyForDeploymentPostprocessing = 0;
		};
/* End PBXSourcesBuildPhase section */

/* Begin PBXTargetDependency section */
		D8D6168B197B636A00B9610C /* PBXTargetDependency */ = {
			isa = PBXTargetDependency;
			target = D8D6165A197B636900B9610C /* Realm-Demo */;
			targetProxy = D8D6168A197B636A00B9610C /* PBXContainerItemProxy */;
		};
/* End PBXTargetDependency section */

/* Begin PBXVariantGroup section */
		D8D61669197B636900B9610C /* InfoPlist.strings */ = {
			isa = PBXVariantGroup;
			children = (
				D8D6166A197B636900B9610C /* en */,
			);
			name = InfoPlist.strings;
			sourceTree = "<group>";
		};
		D8D61672197B636900B9610C /* Main.storyboard */ = {
			isa = PBXVariantGroup;
			children = (
				D8D61673197B636900B9610C /* Base */,
			);
			name = Main.storyboard;
			sourceTree = "<group>";
		};
		D8D6168F197B636A00B9610C /* InfoPlist.strings */ = {
			isa = PBXVariantGroup;
			children = (
				D8D61690197B636A00B9610C /* en */,
			);
			name = InfoPlist.strings;
			sourceTree = "<group>";
		};
/* End PBXVariantGroup section */

/* Begin XCBuildConfiguration section */
		D8D61694197B636A00B9610C /* Debug */ = {
			isa = XCBuildConfiguration;
			buildSettings = {
				ALWAYS_SEARCH_USER_PATHS = NO;
				CLANG_CXX_LANGUAGE_STANDARD = "gnu++0x";
				CLANG_CXX_LIBRARY = "libc++";
				CLANG_ENABLE_MODULES = YES;
				CLANG_ENABLE_OBJC_ARC = YES;
				CLANG_WARN_BOOL_CONVERSION = YES;
				CLANG_WARN_CONSTANT_CONVERSION = YES;
				CLANG_WARN_DIRECT_OBJC_ISA_USAGE = YES_ERROR;
				CLANG_WARN_EMPTY_BODY = YES;
				CLANG_WARN_ENUM_CONVERSION = YES;
				CLANG_WARN_INT_CONVERSION = YES;
				CLANG_WARN_OBJC_ROOT_CLASS = YES_ERROR;
				CLANG_WARN__DUPLICATE_METHOD_MATCH = YES;
				"CODE_SIGN_IDENTITY[sdk=iphoneos*]" = "iPhone Developer";
				COPY_PHASE_STRIP = NO;
				GCC_C_LANGUAGE_STANDARD = gnu99;
				GCC_DYNAMIC_NO_PIC = NO;
				GCC_OPTIMIZATION_LEVEL = 0;
				GCC_PREPROCESSOR_DEFINITIONS = (
					"DEBUG=1",
					"$(inherited)",
				);
				GCC_SYMBOLS_PRIVATE_EXTERN = NO;
				GCC_WARN_64_TO_32_BIT_CONVERSION = YES;
				GCC_WARN_ABOUT_RETURN_TYPE = YES_ERROR;
				GCC_WARN_UNDECLARED_SELECTOR = YES;
				GCC_WARN_UNINITIALIZED_AUTOS = YES_AGGRESSIVE;
				GCC_WARN_UNUSED_FUNCTION = YES;
				GCC_WARN_UNUSED_VARIABLE = YES;
				IPHONEOS_DEPLOYMENT_TARGET = 7.1;
				ONLY_ACTIVE_ARCH = YES;
				SDKROOT = iphoneos;
			};
			name = Debug;
		};
		D8D61695197B636A00B9610C /* Release */ = {
			isa = XCBuildConfiguration;
			buildSettings = {
				ALWAYS_SEARCH_USER_PATHS = NO;
				CLANG_CXX_LANGUAGE_STANDARD = "gnu++0x";
				CLANG_CXX_LIBRARY = "libc++";
				CLANG_ENABLE_MODULES = YES;
				CLANG_ENABLE_OBJC_ARC = YES;
				CLANG_WARN_BOOL_CONVERSION = YES;
				CLANG_WARN_CONSTANT_CONVERSION = YES;
				CLANG_WARN_DIRECT_OBJC_ISA_USAGE = YES_ERROR;
				CLANG_WARN_EMPTY_BODY = YES;
				CLANG_WARN_ENUM_CONVERSION = YES;
				CLANG_WARN_INT_CONVERSION = YES;
				CLANG_WARN_OBJC_ROOT_CLASS = YES_ERROR;
				CLANG_WARN__DUPLICATE_METHOD_MATCH = YES;
				"CODE_SIGN_IDENTITY[sdk=iphoneos*]" = "iPhone Developer";
				COPY_PHASE_STRIP = YES;
				ENABLE_NS_ASSERTIONS = NO;
				GCC_C_LANGUAGE_STANDARD = gnu99;
				GCC_WARN_64_TO_32_BIT_CONVERSION = YES;
				GCC_WARN_ABOUT_RETURN_TYPE = YES_ERROR;
				GCC_WARN_UNDECLARED_SELECTOR = YES;
				GCC_WARN_UNINITIALIZED_AUTOS = YES_AGGRESSIVE;
				GCC_WARN_UNUSED_FUNCTION = YES;
				GCC_WARN_UNUSED_VARIABLE = YES;
				IPHONEOS_DEPLOYMENT_TARGET = 7.1;
				SDKROOT = iphoneos;
				VALIDATE_PRODUCT = YES;
			};
			name = Release;
		};
		D8D61697197B636A00B9610C /* Debug */ = {
			isa = XCBuildConfiguration;
			buildSettings = {
				ASSETCATALOG_COMPILER_APPICON_NAME = AppIcon;
				ASSETCATALOG_COMPILER_LAUNCHIMAGE_NAME = LaunchImage;
				GCC_PRECOMPILE_PREFIX_HEADER = YES;
				GCC_PREFIX_HEADER = "Realm-Demo/Realm-Demo-Prefix.pch";
				INFOPLIST_FILE = "Realm-Demo/Realm-Demo-Info.plist";
				PRODUCT_NAME = "$(TARGET_NAME)";
				WRAPPER_EXTENSION = app;
			};
			name = Debug;
		};
		D8D61698197B636A00B9610C /* Release */ = {
			isa = XCBuildConfiguration;
			buildSettings = {
				ASSETCATALOG_COMPILER_APPICON_NAME = AppIcon;
				ASSETCATALOG_COMPILER_LAUNCHIMAGE_NAME = LaunchImage;
				GCC_PRECOMPILE_PREFIX_HEADER = YES;
				GCC_PREFIX_HEADER = "Realm-Demo/Realm-Demo-Prefix.pch";
				INFOPLIST_FILE = "Realm-Demo/Realm-Demo-Info.plist";
				PRODUCT_NAME = "$(TARGET_NAME)";
				WRAPPER_EXTENSION = app;
			};
			name = Release;
		};
		D8D6169A197B636A00B9610C /* Debug */ = {
			isa = XCBuildConfiguration;
			buildSettings = {
				BUNDLE_LOADER = "$(BUILT_PRODUCTS_DIR)/Realm-Demo.app/Realm-Demo";
				FRAMEWORK_SEARCH_PATHS = (
					"$(SDKROOT)/Developer/Library/Frameworks",
					"$(inherited)",
					"$(DEVELOPER_FRAMEWORKS_DIR)",
				);
				GCC_PRECOMPILE_PREFIX_HEADER = YES;
				GCC_PREFIX_HEADER = "Realm-Demo/Realm-Demo-Prefix.pch";
				GCC_PREPROCESSOR_DEFINITIONS = (
					"DEBUG=1",
					"$(inherited)",
				);
				INFOPLIST_FILE = "Realm-DemoTests/Realm-DemoTests-Info.plist";
				PRODUCT_NAME = "$(TARGET_NAME)";
				TEST_HOST = "$(BUNDLE_LOADER)";
				WRAPPER_EXTENSION = xctest;
			};
			name = Debug;
		};
		D8D6169B197B636A00B9610C /* Release */ = {
			isa = XCBuildConfiguration;
			buildSettings = {
				BUNDLE_LOADER = "$(BUILT_PRODUCTS_DIR)/Realm-Demo.app/Realm-Demo";
				FRAMEWORK_SEARCH_PATHS = (
					"$(SDKROOT)/Developer/Library/Frameworks",
					"$(inherited)",
					"$(DEVELOPER_FRAMEWORKS_DIR)",
				);
				GCC_PRECOMPILE_PREFIX_HEADER = YES;
				GCC_PREFIX_HEADER = "Realm-Demo/Realm-Demo-Prefix.pch";
				INFOPLIST_FILE = "Realm-DemoTests/Realm-DemoTests-Info.plist";
				PRODUCT_NAME = "$(TARGET_NAME)";
				TEST_HOST = "$(BUNDLE_LOADER)";
				WRAPPER_EXTENSION = xctest;
			};
			name = Release;
		};
/* End XCBuildConfiguration section */

/* Begin XCConfigurationList section */
		D8D61656197B636900B9610C /* Build configuration list for PBXProject "Realm-Demo" */ = {
			isa = XCConfigurationList;
			buildConfigurations = (
				D8D61694197B636A00B9610C /* Debug */,
				D8D61695197B636A00B9610C /* Release */,
			);
			defaultConfigurationIsVisible = 0;
			defaultConfigurationName = Release;
		};
		D8D61696197B636A00B9610C /* Build configuration list for PBXNativeTarget "Realm-Demo" */ = {
			isa = XCConfigurationList;
			buildConfigurations = (
				D8D61697197B636A00B9610C /* Debug */,
				D8D61698197B636A00B9610C /* Release */,
			);
			defaultConfigurationIsVisible = 0;
		};
		D8D61699197B636A00B9610C /* Build configuration list for PBXNativeTarget "Realm-DemoTests" */ = {
			isa = XCConfigurationList;
			buildConfigurations = (
				D8D6169A197B636A00B9610C /* Debug */,
				D8D6169B197B636A00B9610C /* Release */,
			);
			defaultConfigurationIsVisible = 0;
		};
/* End XCConfigurationList section */

/* Begin XCVersionGroup section */
		D8D61675197B636900B9610C /* RealmDemo.xcdatamodeld */ = {
			isa = XCVersionGroup;
			children = (
				D8D61676197B636900B9610C /* RealmDemo.xcdatamodel */,
			);
			currentVersion = D8D61676197B636900B9610C /* RealmDemo.xcdatamodel */;
			path = RealmDemo.xcdatamodeld;
			sourceTree = "<group>";
			versionGroupType = wrapper.xcdatamodel;
		};
/* End XCVersionGroup section */
	};
	rootObject = D8D61653197B636900B9610C /* Project object */;
}
