<?xml version="1.0" encoding="UTF-8"?>
<!DOCTYPE plist PUBLIC "-//Apple//DTD PLIST 1.0//EN" "http://www.apple.com/DTDs/PropertyList-1.0.dtd">
<plist version="1.0">
<dict>
	<key>archiveVersion</key>
	<string>1</string>
	<key>classes</key>
	<dict/>
	<key>objectVersion</key>
	<string>46</string>
	<key>objects</key>
	<dict>
		<key>271702AA34674AC7BEA84043</key>
		<dict>
			<key>buildActionMask</key>
			<string>2147483647</string>
			<key>files</key>
			<array/>
			<key>inputPaths</key>
			<array/>
			<key>isa</key>
			<string>PBXShellScriptBuildPhase</string>
			<key>name</key>
			<string>Check Pods Manifest.lock</string>
			<key>outputPaths</key>
			<array/>
			<key>runOnlyForDeploymentPostprocessing</key>
			<string>0</string>
			<key>shellPath</key>
			<string>/bin/sh</string>
			<key>shellScript</key>
			<string>diff "${PODS_ROOT}/../Podfile.lock" "${PODS_ROOT}/Manifest.lock" &gt; /dev/null
if [[ $? != 0 ]] ; then
    cat &lt;&lt; EOM
error: The sandbox is not in sync with the Podfile.lock. Run 'pod install' or update your CocoaPods installation.
EOM
    exit 1
fi
</string>
			<key>showEnvVarsInLog</key>
			<string>0</string>
		</dict>
		<key>47EE00A8B09448618FF3B0B0</key>
		<dict>
			<key>includeInIndex</key>
			<string>1</string>
			<key>isa</key>
			<string>PBXFileReference</string>
			<key>lastKnownFileType</key>
			<string>text.xcconfig</string>
			<key>name</key>
			<string>Pods-Realm-Demo.xcconfig</string>
			<key>path</key>
			<string>Pods/Pods-Realm-Demo.xcconfig</string>
			<key>sourceTree</key>
			<string>&lt;group&gt;</string>
		</dict>
		<key>503775497A5A40579F6D1F86</key>
		<dict>
			<key>explicitFileType</key>
			<string>archive.ar</string>
			<key>includeInIndex</key>
			<string>0</string>
			<key>isa</key>
			<string>PBXFileReference</string>
			<key>path</key>
			<string>libPods-Realm-Demo.a</string>
			<key>sourceTree</key>
			<string>BUILT_PRODUCTS_DIR</string>
		</dict>
		<key>9B7EA8CCA5564B11A8E7AD73</key>
		<dict>
			<key>fileRef</key>
			<string>503775497A5A40579F6D1F86</string>
			<key>isa</key>
			<string>PBXBuildFile</string>
		</dict>
		<key>9BC705E8CBAB44BDB874BF15</key>
		<dict>
			<key>buildActionMask</key>
			<string>2147483647</string>
			<key>files</key>
			<array/>
			<key>inputPaths</key>
			<array/>
			<key>isa</key>
			<string>PBXShellScriptBuildPhase</string>
			<key>name</key>
			<string>Copy Pods Resources</string>
			<key>outputPaths</key>
			<array/>
			<key>runOnlyForDeploymentPostprocessing</key>
			<string>0</string>
			<key>shellPath</key>
			<string>/bin/sh</string>
			<key>shellScript</key>
			<string>"${SRCROOT}/Pods/Pods-Realm-Demo-resources.sh"
</string>
			<key>showEnvVarsInLog</key>
			<string>0</string>
		</dict>
		<key>D8D61652197B636900B9610C</key>
		<dict>
			<key>children</key>
			<array>
				<string>D8D61666197B636900B9610C</string>
				<string>D8D6168C197B636A00B9610C</string>
				<string>D8D6165D197B636900B9610C</string>
				<string>D8D6165C197B636900B9610C</string>
				<string>47EE00A8B09448618FF3B0B0</string>
			</array>
			<key>isa</key>
			<string>PBXGroup</string>
			<key>sourceTree</key>
			<string>&lt;group&gt;</string>
		</dict>
		<key>D8D61653197B636900B9610C</key>
		<dict>
			<key>attributes</key>
			<dict>
				<key>LastUpgradeCheck</key>
				<string>0510</string>
				<key>ORGANIZATIONNAME</key>
				<string>Berzerker Design</string>
				<key>TargetAttributes</key>
				<dict>
					<key>D8D61683197B636A00B9610C</key>
					<dict>
						<key>TestTargetID</key>
						<string>D8D6165A197B636900B9610C</string>
					</dict>
				</dict>
			</dict>
			<key>buildConfigurationList</key>
			<string>D8D61656197B636900B9610C</string>
			<key>compatibilityVersion</key>
			<string>Xcode 3.2</string>
			<key>developmentRegion</key>
			<string>English</string>
			<key>hasScannedForEncodings</key>
			<string>0</string>
			<key>isa</key>
			<string>PBXProject</string>
			<key>knownRegions</key>
			<array>
				<string>en</string>
				<string>Base</string>
			</array>
			<key>mainGroup</key>
			<string>D8D61652197B636900B9610C</string>
			<key>productRefGroup</key>
			<string>D8D6165C197B636900B9610C</string>
			<key>projectDirPath</key>
			<string></string>
			<key>projectReferences</key>
			<array/>
			<key>projectRoot</key>
			<string></string>
			<key>targets</key>
			<array>
				<string>D8D6165A197B636900B9610C</string>
				<string>D8D61683197B636A00B9610C</string>
			</array>
		</dict>
		<key>D8D61656197B636900B9610C</key>
		<dict>
			<key>buildConfigurations</key>
			<array>
				<string>D8D61694197B636A00B9610C</string>
				<string>D8D61695197B636A00B9610C</string>
			</array>
			<key>defaultConfigurationIsVisible</key>
			<string>0</string>
			<key>defaultConfigurationName</key>
			<string>Release</string>
			<key>isa</key>
			<string>XCConfigurationList</string>
		</dict>
		<key>D8D61657197B636900B9610C</key>
		<dict>
			<key>buildActionMask</key>
			<string>2147483647</string>
			<key>files</key>
			<array>
				<string>D8D61677197B636900B9610C</string>
				<string>D8D616A5197B646100B9610C</string>
				<string>D8D61671197B636900B9610C</string>
				<string>D8D6166D197B636900B9610C</string>
				<string>D8D616A1197B640C00B9610C</string>
			</array>
			<key>isa</key>
			<string>PBXSourcesBuildPhase</string>
			<key>runOnlyForDeploymentPostprocessing</key>
			<string>0</string>
		</dict>
		<key>D8D61658197B636900B9610C</key>
		<dict>
			<key>buildActionMask</key>
			<string>2147483647</string>
			<key>files</key>
			<array>
				<string>D8D61661197B636900B9610C</string>
				<string>D8D61665197B636900B9610C</string>
				<string>D8D61663197B636900B9610C</string>
				<string>D8D6165F197B636900B9610C</string>
				<string>9B7EA8CCA5564B11A8E7AD73</string>
			</array>
			<key>isa</key>
			<string>PBXFrameworksBuildPhase</string>
			<key>runOnlyForDeploymentPostprocessing</key>
			<string>0</string>
		</dict>
		<key>D8D61659197B636900B9610C</key>
		<dict>
			<key>buildActionMask</key>
			<string>2147483647</string>
			<key>files</key>
			<array>
				<string>D8D6167F197B636900B9610C</string>
				<string>D8D6166B197B636900B9610C</string>
				<string>D8D61674197B636900B9610C</string>
			</array>
			<key>isa</key>
			<string>PBXResourcesBuildPhase</string>
			<key>runOnlyForDeploymentPostprocessing</key>
			<string>0</string>
		</dict>
		<key>D8D6165A197B636900B9610C</key>
		<dict>
			<key>buildConfigurationList</key>
			<string>D8D61696197B636A00B9610C</string>
			<key>buildPhases</key>
			<array>
				<string>271702AA34674AC7BEA84043</string>
				<string>D8D61657197B636900B9610C</string>
				<string>D8D61658197B636900B9610C</string>
				<string>D8D61659197B636900B9610C</string>
				<string>9BC705E8CBAB44BDB874BF15</string>
			</array>
			<key>buildRules</key>
			<array/>
			<key>dependencies</key>
			<array/>
			<key>isa</key>
			<string>PBXNativeTarget</string>
			<key>name</key>
			<string>Realm-Demo</string>
			<key>productName</key>
			<string>Realm-Demo</string>
			<key>productReference</key>
			<string>D8D6165B197B636900B9610C</string>
			<key>productType</key>
			<string>com.apple.product-type.application</string>
		</dict>
		<key>D8D6165B197B636900B9610C</key>
		<dict>
			<key>explicitFileType</key>
			<string>wrapper.application</string>
			<key>includeInIndex</key>
			<string>0</string>
			<key>isa</key>
			<string>PBXFileReference</string>
			<key>path</key>
			<string>Realm-Demo.app</string>
			<key>sourceTree</key>
			<string>BUILT_PRODUCTS_DIR</string>
		</dict>
		<key>D8D6165C197B636900B9610C</key>
		<dict>
			<key>children</key>
			<array>
				<string>D8D6165B197B636900B9610C</string>
				<string>D8D61684197B636A00B9610C</string>
			</array>
			<key>isa</key>
			<string>PBXGroup</string>
			<key>name</key>
			<string>Products</string>
			<key>sourceTree</key>
			<string>&lt;group&gt;</string>
		</dict>
		<key>D8D6165D197B636900B9610C</key>
		<dict>
			<key>children</key>
			<array>
				<string>D8D61664197B636900B9610C</string>
				<string>D8D61660197B636900B9610C</string>
				<string>D8D6165E197B636900B9610C</string>
				<string>D8D61662197B636900B9610C</string>
				<string>D8D61685197B636A00B9610C</string>
				<string>503775497A5A40579F6D1F86</string>
			</array>
			<key>isa</key>
			<string>PBXGroup</string>
			<key>name</key>
			<string>Frameworks</string>
			<key>sourceTree</key>
			<string>&lt;group&gt;</string>
		</dict>
		<key>D8D6165E197B636900B9610C</key>
		<dict>
			<key>isa</key>
			<string>PBXFileReference</string>
			<key>lastKnownFileType</key>
			<string>wrapper.framework</string>
			<key>name</key>
			<string>Foundation.framework</string>
			<key>path</key>
			<string>System/Library/Frameworks/Foundation.framework</string>
			<key>sourceTree</key>
			<string>SDKROOT</string>
		</dict>
		<key>D8D6165F197B636900B9610C</key>
		<dict>
			<key>fileRef</key>
			<string>D8D6165E197B636900B9610C</string>
			<key>isa</key>
			<string>PBXBuildFile</string>
		</dict>
		<key>D8D61660197B636900B9610C</key>
		<dict>
			<key>isa</key>
			<string>PBXFileReference</string>
			<key>lastKnownFileType</key>
			<string>wrapper.framework</string>
			<key>name</key>
			<string>CoreGraphics.framework</string>
			<key>path</key>
			<string>System/Library/Frameworks/CoreGraphics.framework</string>
			<key>sourceTree</key>
			<string>SDKROOT</string>
		</dict>
		<key>D8D61661197B636900B9610C</key>
		<dict>
			<key>fileRef</key>
			<string>D8D61660197B636900B9610C</string>
			<key>isa</key>
			<string>PBXBuildFile</string>
		</dict>
		<key>D8D61662197B636900B9610C</key>
		<dict>
			<key>isa</key>
			<string>PBXFileReference</string>
			<key>lastKnownFileType</key>
			<string>wrapper.framework</string>
			<key>name</key>
			<string>UIKit.framework</string>
			<key>path</key>
			<string>System/Library/Frameworks/UIKit.framework</string>
			<key>sourceTree</key>
			<string>SDKROOT</string>
		</dict>
		<key>D8D61663197B636900B9610C</key>
		<dict>
			<key>fileRef</key>
			<string>D8D61662197B636900B9610C</string>
			<key>isa</key>
			<string>PBXBuildFile</string>
		</dict>
		<key>D8D61664197B636900B9610C</key>
		<dict>
			<key>isa</key>
			<string>PBXFileReference</string>
			<key>lastKnownFileType</key>
			<string>wrapper.framework</string>
			<key>name</key>
			<string>CoreData.framework</string>
			<key>path</key>
			<string>System/Library/Frameworks/CoreData.framework</string>
			<key>sourceTree</key>
			<string>SDKROOT</string>
		</dict>
		<key>D8D61665197B636900B9610C</key>
		<dict>
			<key>fileRef</key>
			<string>D8D61664197B636900B9610C</string>
			<key>isa</key>
			<string>PBXBuildFile</string>
		</dict>
		<key>D8D61666197B636900B9610C</key>
		<dict>
			<key>children</key>
			<array>
				<string>D8D6169C197B637300B9610C</string>
				<string>D8D6169E197B638600B9610C</string>
				<string>D8D61667197B636900B9610C</string>
			</array>
			<key>isa</key>
			<string>PBXGroup</string>
			<key>path</key>
			<string>Realm-Demo</string>
			<key>sourceTree</key>
			<string>&lt;group&gt;</string>
		</dict>
		<key>D8D61667197B636900B9610C</key>
		<dict>
			<key>children</key>
			<array>
				<string>D8D61669197B636900B9610C</string>
				<string>D8D6166C197B636900B9610C</string>
				<string>D8D61668197B636900B9610C</string>
				<string>D8D6166E197B636900B9610C</string>
			</array>
			<key>isa</key>
			<string>PBXGroup</string>
			<key>name</key>
			<string>Supporting Files</string>
			<key>sourceTree</key>
			<string>&lt;group&gt;</string>
		</dict>
		<key>D8D61668197B636900B9610C</key>
		<dict>
			<key>isa</key>
			<string>PBXFileReference</string>
			<key>lastKnownFileType</key>
			<string>text.plist.xml</string>
			<key>path</key>
			<string>Realm-Demo-Info.plist</string>
			<key>sourceTree</key>
			<string>&lt;group&gt;</string>
		</dict>
		<key>D8D61669197B636900B9610C</key>
		<dict>
			<key>children</key>
			<array>
				<string>D8D6166A197B636900B9610C</string>
			</array>
			<key>isa</key>
			<string>PBXVariantGroup</string>
			<key>name</key>
			<string>InfoPlist.strings</string>
			<key>sourceTree</key>
			<string>&lt;group&gt;</string>
		</dict>
		<key>D8D6166A197B636900B9610C</key>
		<dict>
			<key>isa</key>
			<string>PBXFileReference</string>
			<key>lastKnownFileType</key>
			<string>text.plist.strings</string>
			<key>name</key>
			<string>en</string>
			<key>path</key>
			<string>en.lproj/InfoPlist.strings</string>
			<key>sourceTree</key>
			<string>&lt;group&gt;</string>
		</dict>
		<key>D8D6166B197B636900B9610C</key>
		<dict>
			<key>fileRef</key>
			<string>D8D61669197B636900B9610C</string>
			<key>isa</key>
			<string>PBXBuildFile</string>
		</dict>
		<key>D8D6166C197B636900B9610C</key>
		<dict>
			<key>isa</key>
			<string>PBXFileReference</string>
			<key>lastKnownFileType</key>
			<string>sourcecode.c.objc</string>
			<key>path</key>
			<string>main.m</string>
			<key>sourceTree</key>
			<string>&lt;group&gt;</string>
		</dict>
		<key>D8D6166D197B636900B9610C</key>
		<dict>
			<key>fileRef</key>
			<string>D8D6166C197B636900B9610C</string>
			<key>isa</key>
			<string>PBXBuildFile</string>
		</dict>
		<key>D8D6166E197B636900B9610C</key>
		<dict>
			<key>isa</key>
			<string>PBXFileReference</string>
			<key>lastKnownFileType</key>
			<string>sourcecode.c.h</string>
			<key>path</key>
			<string>Realm-Demo-Prefix.pch</string>
			<key>sourceTree</key>
			<string>&lt;group&gt;</string>
		</dict>
		<key>D8D6166F197B636900B9610C</key>
		<dict>
			<key>isa</key>
			<string>PBXFileReference</string>
			<key>lastKnownFileType</key>
			<string>sourcecode.c.h</string>
			<key>path</key>
			<string>AppDelegate.h</string>
			<key>sourceTree</key>
			<string>&lt;group&gt;</string>
		</dict>
		<key>D8D61670197B636900B9610C</key>
		<dict>
			<key>isa</key>
			<string>PBXFileReference</string>
			<key>lastKnownFileType</key>
			<string>sourcecode.c.objc</string>
			<key>path</key>
			<string>AppDelegate.m</string>
			<key>sourceTree</key>
			<string>&lt;group&gt;</string>
		</dict>
		<key>D8D61671197B636900B9610C</key>
		<dict>
			<key>fileRef</key>
			<string>D8D61670197B636900B9610C</string>
			<key>isa</key>
			<string>PBXBuildFile</string>
		</dict>
		<key>D8D61672197B636900B9610C</key>
		<dict>
			<key>children</key>
			<array>
				<string>D8D61673197B636900B9610C</string>
			</array>
			<key>isa</key>
			<string>PBXVariantGroup</string>
			<key>name</key>
			<string>Main.storyboard</string>
			<key>sourceTree</key>
			<string>&lt;group&gt;</string>
		</dict>
		<key>D8D61673197B636900B9610C</key>
		<dict>
			<key>isa</key>
			<string>PBXFileReference</string>
			<key>lastKnownFileType</key>
			<string>file.storyboard</string>
			<key>name</key>
			<string>Base</string>
			<key>path</key>
			<string>Base.lproj/Main.storyboard</string>
			<key>sourceTree</key>
			<string>&lt;group&gt;</string>
		</dict>
		<key>D8D61674197B636900B9610C</key>
		<dict>
			<key>fileRef</key>
			<string>D8D61672197B636900B9610C</string>
			<key>isa</key>
			<string>PBXBuildFile</string>
		</dict>
		<key>D8D61675197B636900B9610C</key>
		<dict>
			<key>children</key>
			<array>
				<string>D8D61676197B636900B9610C</string>
			</array>
			<key>currentVersion</key>
			<string>D8D61676197B636900B9610C</string>
			<key>isa</key>
			<string>XCVersionGroup</string>
			<key>path</key>
			<string>RealmDemo.xcdatamodeld</string>
			<key>sourceTree</key>
			<string>&lt;group&gt;</string>
			<key>versionGroupType</key>
			<string>wrapper.xcdatamodel</string>
		</dict>
		<key>D8D61676197B636900B9610C</key>
		<dict>
			<key>isa</key>
			<string>PBXFileReference</string>
			<key>lastKnownFileType</key>
			<string>wrapper.xcdatamodel</string>
			<key>path</key>
			<string>RealmDemo.xcdatamodel</string>
			<key>sourceTree</key>
			<string>&lt;group&gt;</string>
		</dict>
		<key>D8D61677197B636900B9610C</key>
		<dict>
			<key>fileRef</key>
			<string>D8D61675197B636900B9610C</string>
			<key>isa</key>
			<string>PBXBuildFile</string>
		</dict>
		<key>D8D6167E197B636900B9610C</key>
		<dict>
			<key>isa</key>
			<string>PBXFileReference</string>
			<key>lastKnownFileType</key>
			<string>folder.assetcatalog</string>
			<key>path</key>
			<string>Images.xcassets</string>
			<key>sourceTree</key>
			<string>&lt;group&gt;</string>
		</dict>
		<key>D8D6167F197B636900B9610C</key>
		<dict>
			<key>fileRef</key>
			<string>D8D6167E197B636900B9610C</string>
			<key>isa</key>
			<string>PBXBuildFile</string>
		</dict>
		<key>D8D61680197B636A00B9610C</key>
		<dict>
			<key>buildActionMask</key>
			<string>2147483647</string>
			<key>files</key>
			<array>
				<string>D8D61693197B636A00B9610C</string>
			</array>
			<key>isa</key>
			<string>PBXSourcesBuildPhase</string>
			<key>runOnlyForDeploymentPostprocessing</key>
			<string>0</string>
		</dict>
		<key>D8D61681197B636A00B9610C</key>
		<dict>
			<key>buildActionMask</key>
			<string>2147483647</string>
			<key>files</key>
			<array>
				<string>D8D61686197B636A00B9610C</string>
				<string>D8D61689197B636A00B9610C</string>
				<string>D8D61688197B636A00B9610C</string>
				<string>D8D61687197B636A00B9610C</string>
			</array>
			<key>isa</key>
			<string>PBXFrameworksBuildPhase</string>
			<key>runOnlyForDeploymentPostprocessing</key>
			<string>0</string>
		</dict>
		<key>D8D61682197B636A00B9610C</key>
		<dict>
			<key>buildActionMask</key>
			<string>2147483647</string>
			<key>files</key>
			<array>
				<string>D8D61691197B636A00B9610C</string>
			</array>
			<key>isa</key>
			<string>PBXResourcesBuildPhase</string>
			<key>runOnlyForDeploymentPostprocessing</key>
			<string>0</string>
		</dict>
		<key>D8D61683197B636A00B9610C</key>
		<dict>
			<key>buildConfigurationList</key>
			<string>D8D61699197B636A00B9610C</string>
			<key>buildPhases</key>
			<array>
				<string>D8D61680197B636A00B9610C</string>
				<string>D8D61681197B636A00B9610C</string>
				<string>D8D61682197B636A00B9610C</string>
			</array>
			<key>buildRules</key>
			<array/>
			<key>dependencies</key>
			<array>
				<string>D8D6168B197B636A00B9610C</string>
			</array>
			<key>isa</key>
			<string>PBXNativeTarget</string>
			<key>name</key>
			<string>Realm-DemoTests</string>
			<key>productName</key>
			<string>Realm-DemoTests</string>
			<key>productReference</key>
			<string>D8D61684197B636A00B9610C</string>
			<key>productType</key>
			<string>com.apple.product-type.bundle.unit-test</string>
		</dict>
		<key>D8D61684197B636A00B9610C</key>
		<dict>
			<key>explicitFileType</key>
			<string>wrapper.cfbundle</string>
			<key>includeInIndex</key>
			<string>0</string>
			<key>isa</key>
			<string>PBXFileReference</string>
			<key>path</key>
			<string>Realm-DemoTests.xctest</string>
			<key>sourceTree</key>
			<string>BUILT_PRODUCTS_DIR</string>
		</dict>
		<key>D8D61685197B636A00B9610C</key>
		<dict>
			<key>isa</key>
			<string>PBXFileReference</string>
			<key>lastKnownFileType</key>
			<string>wrapper.framework</string>
			<key>name</key>
			<string>XCTest.framework</string>
			<key>path</key>
			<string>Library/Frameworks/XCTest.framework</string>
			<key>sourceTree</key>
			<string>DEVELOPER_DIR</string>
		</dict>
		<key>D8D61686197B636A00B9610C</key>
		<dict>
			<key>fileRef</key>
			<string>D8D61685197B636A00B9610C</string>
			<key>isa</key>
			<string>PBXBuildFile</string>
		</dict>
		<key>D8D61687197B636A00B9610C</key>
		<dict>
			<key>fileRef</key>
			<string>D8D6165E197B636900B9610C</string>
			<key>isa</key>
			<string>PBXBuildFile</string>
		</dict>
		<key>D8D61688197B636A00B9610C</key>
		<dict>
			<key>fileRef</key>
			<string>D8D61662197B636900B9610C</string>
			<key>isa</key>
			<string>PBXBuildFile</string>
		</dict>
		<key>D8D61689197B636A00B9610C</key>
		<dict>
			<key>fileRef</key>
			<string>D8D61664197B636900B9610C</string>
			<key>isa</key>
			<string>PBXBuildFile</string>
		</dict>
		<key>D8D6168A197B636A00B9610C</key>
		<dict>
			<key>containerPortal</key>
			<string>D8D61653197B636900B9610C</string>
			<key>isa</key>
			<string>PBXContainerItemProxy</string>
			<key>proxyType</key>
			<string>1</string>
			<key>remoteGlobalIDString</key>
			<string>D8D6165A197B636900B9610C</string>
			<key>remoteInfo</key>
			<string>Realm-Demo</string>
		</dict>
		<key>D8D6168B197B636A00B9610C</key>
		<dict>
			<key>isa</key>
			<string>PBXTargetDependency</string>
			<key>target</key>
			<string>D8D6165A197B636900B9610C</string>
			<key>targetProxy</key>
			<string>D8D6168A197B636A00B9610C</string>
		</dict>
		<key>D8D6168C197B636A00B9610C</key>
		<dict>
			<key>children</key>
			<array>
				<string>D8D61692197B636A00B9610C</string>
				<string>D8D6168D197B636A00B9610C</string>
			</array>
			<key>isa</key>
			<string>PBXGroup</string>
			<key>path</key>
			<string>Realm-DemoTests</string>
			<key>sourceTree</key>
			<string>&lt;group&gt;</string>
		</dict>
		<key>D8D6168D197B636A00B9610C</key>
		<dict>
			<key>children</key>
			<array>
				<string>D8D6168F197B636A00B9610C</string>
				<string>D8D6168E197B636A00B9610C</string>
			</array>
			<key>isa</key>
			<string>PBXGroup</string>
			<key>name</key>
			<string>Supporting Files</string>
			<key>sourceTree</key>
			<string>&lt;group&gt;</string>
		</dict>
		<key>D8D6168E197B636A00B9610C</key>
		<dict>
			<key>isa</key>
			<string>PBXFileReference</string>
			<key>lastKnownFileType</key>
			<string>text.plist.xml</string>
			<key>path</key>
			<string>Realm-DemoTests-Info.plist</string>
			<key>sourceTree</key>
			<string>&lt;group&gt;</string>
		</dict>
		<key>D8D6168F197B636A00B9610C</key>
		<dict>
			<key>children</key>
			<array>
				<string>D8D61690197B636A00B9610C</string>
			</array>
			<key>isa</key>
			<string>PBXVariantGroup</string>
			<key>name</key>
			<string>InfoPlist.strings</string>
			<key>sourceTree</key>
			<string>&lt;group&gt;</string>
		</dict>
		<key>D8D61690197B636A00B9610C</key>
		<dict>
			<key>isa</key>
			<string>PBXFileReference</string>
			<key>lastKnownFileType</key>
			<string>text.plist.strings</string>
			<key>name</key>
			<string>en</string>
			<key>path</key>
			<string>en.lproj/InfoPlist.strings</string>
			<key>sourceTree</key>
			<string>&lt;group&gt;</string>
		</dict>
		<key>D8D61691197B636A00B9610C</key>
		<dict>
			<key>fileRef</key>
			<string>D8D6168F197B636A00B9610C</string>
			<key>isa</key>
			<string>PBXBuildFile</string>
		</dict>
		<key>D8D61692197B636A00B9610C</key>
		<dict>
			<key>isa</key>
			<string>PBXFileReference</string>
			<key>lastKnownFileType</key>
			<string>sourcecode.c.objc</string>
			<key>path</key>
			<string>Realm_DemoTests.m</string>
			<key>sourceTree</key>
			<string>&lt;group&gt;</string>
		</dict>
		<key>D8D61693197B636A00B9610C</key>
		<dict>
			<key>fileRef</key>
			<string>D8D61692197B636A00B9610C</string>
			<key>isa</key>
			<string>PBXBuildFile</string>
		</dict>
		<key>D8D61694197B636A00B9610C</key>
		<dict>
			<key>buildSettings</key>
			<dict>
				<key>ALWAYS_SEARCH_USER_PATHS</key>
				<string>NO</string>
				<key>CLANG_CXX_LANGUAGE_STANDARD</key>
				<string>gnu++0x</string>
				<key>CLANG_CXX_LIBRARY</key>
				<string>libc++</string>
				<key>CLANG_ENABLE_MODULES</key>
				<string>YES</string>
				<key>CLANG_ENABLE_OBJC_ARC</key>
				<string>YES</string>
				<key>CLANG_WARN_BOOL_CONVERSION</key>
				<string>YES</string>
				<key>CLANG_WARN_CONSTANT_CONVERSION</key>
				<string>YES</string>
				<key>CLANG_WARN_DIRECT_OBJC_ISA_USAGE</key>
				<string>YES_ERROR</string>
				<key>CLANG_WARN_EMPTY_BODY</key>
				<string>YES</string>
				<key>CLANG_WARN_ENUM_CONVERSION</key>
				<string>YES</string>
				<key>CLANG_WARN_INT_CONVERSION</key>
				<string>YES</string>
				<key>CLANG_WARN_OBJC_ROOT_CLASS</key>
				<string>YES_ERROR</string>
				<key>CLANG_WARN__DUPLICATE_METHOD_MATCH</key>
				<string>YES</string>
				<key>CODE_SIGN_IDENTITY[sdk=iphoneos*]</key>
				<string>iPhone Developer</string>
				<key>COPY_PHASE_STRIP</key>
				<string>NO</string>
				<key>GCC_C_LANGUAGE_STANDARD</key>
				<string>gnu99</string>
				<key>GCC_DYNAMIC_NO_PIC</key>
				<string>NO</string>
				<key>GCC_OPTIMIZATION_LEVEL</key>
				<string>0</string>
				<key>GCC_PREPROCESSOR_DEFINITIONS</key>
				<array>
					<string>DEBUG=1</string>
					<string>$(inherited)</string>
				</array>
				<key>GCC_SYMBOLS_PRIVATE_EXTERN</key>
				<string>NO</string>
				<key>GCC_WARN_64_TO_32_BIT_CONVERSION</key>
				<string>YES</string>
				<key>GCC_WARN_ABOUT_RETURN_TYPE</key>
				<string>YES_ERROR</string>
				<key>GCC_WARN_UNDECLARED_SELECTOR</key>
				<string>YES</string>
				<key>GCC_WARN_UNINITIALIZED_AUTOS</key>
				<string>YES_AGGRESSIVE</string>
				<key>GCC_WARN_UNUSED_FUNCTION</key>
				<string>YES</string>
				<key>GCC_WARN_UNUSED_VARIABLE</key>
				<string>YES</string>
				<key>IPHONEOS_DEPLOYMENT_TARGET</key>
				<string>7.1</string>
				<key>ONLY_ACTIVE_ARCH</key>
				<string>YES</string>
				<key>SDKROOT</key>
				<string>iphoneos</string>
			</dict>
			<key>isa</key>
			<string>XCBuildConfiguration</string>
			<key>name</key>
			<string>Debug</string>
		</dict>
		<key>D8D61695197B636A00B9610C</key>
		<dict>
			<key>buildSettings</key>
			<dict>
				<key>ALWAYS_SEARCH_USER_PATHS</key>
				<string>NO</string>
				<key>CLANG_CXX_LANGUAGE_STANDARD</key>
				<string>gnu++0x</string>
				<key>CLANG_CXX_LIBRARY</key>
				<string>libc++</string>
				<key>CLANG_ENABLE_MODULES</key>
				<string>YES</string>
				<key>CLANG_ENABLE_OBJC_ARC</key>
				<string>YES</string>
				<key>CLANG_WARN_BOOL_CONVERSION</key>
				<string>YES</string>
				<key>CLANG_WARN_CONSTANT_CONVERSION</key>
				<string>YES</string>
				<key>CLANG_WARN_DIRECT_OBJC_ISA_USAGE</key>
				<string>YES_ERROR</string>
				<key>CLANG_WARN_EMPTY_BODY</key>
				<string>YES</string>
				<key>CLANG_WARN_ENUM_CONVERSION</key>
				<string>YES</string>
				<key>CLANG_WARN_INT_CONVERSION</key>
				<string>YES</string>
				<key>CLANG_WARN_OBJC_ROOT_CLASS</key>
				<string>YES_ERROR</string>
				<key>CLANG_WARN__DUPLICATE_METHOD_MATCH</key>
				<string>YES</string>
				<key>CODE_SIGN_IDENTITY[sdk=iphoneos*]</key>
				<string>iPhone Developer</string>
				<key>COPY_PHASE_STRIP</key>
				<string>YES</string>
				<key>ENABLE_NS_ASSERTIONS</key>
				<string>NO</string>
				<key>GCC_C_LANGUAGE_STANDARD</key>
				<string>gnu99</string>
				<key>GCC_WARN_64_TO_32_BIT_CONVERSION</key>
				<string>YES</string>
				<key>GCC_WARN_ABOUT_RETURN_TYPE</key>
				<string>YES_ERROR</string>
				<key>GCC_WARN_UNDECLARED_SELECTOR</key>
				<string>YES</string>
				<key>GCC_WARN_UNINITIALIZED_AUTOS</key>
				<string>YES_AGGRESSIVE</string>
				<key>GCC_WARN_UNUSED_FUNCTION</key>
				<string>YES</string>
				<key>GCC_WARN_UNUSED_VARIABLE</key>
				<string>YES</string>
				<key>IPHONEOS_DEPLOYMENT_TARGET</key>
				<string>7.1</string>
				<key>SDKROOT</key>
				<string>iphoneos</string>
				<key>VALIDATE_PRODUCT</key>
				<string>YES</string>
			</dict>
			<key>isa</key>
			<string>XCBuildConfiguration</string>
			<key>name</key>
			<string>Release</string>
		</dict>
		<key>D8D61696197B636A00B9610C</key>
		<dict>
			<key>buildConfigurations</key>
			<array>
				<string>D8D61697197B636A00B9610C</string>
				<string>D8D61698197B636A00B9610C</string>
			</array>
			<key>defaultConfigurationIsVisible</key>
			<string>0</string>
			<key>isa</key>
			<string>XCConfigurationList</string>
		</dict>
		<key>D8D61697197B636A00B9610C</key>
		<dict>
			<key>baseConfigurationReference</key>
			<string>47EE00A8B09448618FF3B0B0</string>
			<key>buildSettings</key>
			<dict>
				<key>ASSETCATALOG_COMPILER_APPICON_NAME</key>
				<string>AppIcon</string>
				<key>ASSETCATALOG_COMPILER_LAUNCHIMAGE_NAME</key>
				<string>LaunchImage</string>
				<key>GCC_PRECOMPILE_PREFIX_HEADER</key>
				<string>YES</string>
				<key>GCC_PREFIX_HEADER</key>
				<string>Realm-Demo/Realm-Demo-Prefix.pch</string>
				<key>INFOPLIST_FILE</key>
				<string>Realm-Demo/Realm-Demo-Info.plist</string>
				<key>PRODUCT_NAME</key>
				<string>$(TARGET_NAME)</string>
				<key>WRAPPER_EXTENSION</key>
				<string>app</string>
			</dict>
			<key>isa</key>
			<string>XCBuildConfiguration</string>
			<key>name</key>
			<string>Debug</string>
		</dict>
		<key>D8D61698197B636A00B9610C</key>
		<dict>
			<key>baseConfigurationReference</key>
			<string>47EE00A8B09448618FF3B0B0</string>
			<key>buildSettings</key>
			<dict>
				<key>ASSETCATALOG_COMPILER_APPICON_NAME</key>
				<string>AppIcon</string>
				<key>ASSETCATALOG_COMPILER_LAUNCHIMAGE_NAME</key>
				<string>LaunchImage</string>
				<key>GCC_PRECOMPILE_PREFIX_HEADER</key>
				<string>YES</string>
				<key>GCC_PREFIX_HEADER</key>
				<string>Realm-Demo/Realm-Demo-Prefix.pch</string>
				<key>INFOPLIST_FILE</key>
				<string>Realm-Demo/Realm-Demo-Info.plist</string>
				<key>PRODUCT_NAME</key>
				<string>$(TARGET_NAME)</string>
				<key>WRAPPER_EXTENSION</key>
				<string>app</string>
			</dict>
			<key>isa</key>
			<string>XCBuildConfiguration</string>
			<key>name</key>
			<string>Release</string>
		</dict>
		<key>D8D61699197B636A00B9610C</key>
		<dict>
			<key>buildConfigurations</key>
			<array>
				<string>D8D6169A197B636A00B9610C</string>
				<string>D8D6169B197B636A00B9610C</string>
			</array>
			<key>defaultConfigurationIsVisible</key>
			<string>0</string>
			<key>isa</key>
			<string>XCConfigurationList</string>
		</dict>
		<key>D8D6169A197B636A00B9610C</key>
		<dict>
			<key>buildSettings</key>
			<dict>
				<key>BUNDLE_LOADER</key>
				<string>$(BUILT_PRODUCTS_DIR)/Realm-Demo.app/Realm-Demo</string>
				<key>FRAMEWORK_SEARCH_PATHS</key>
				<array>
					<string>$(SDKROOT)/Developer/Library/Frameworks</string>
					<string>$(inherited)</string>
					<string>$(DEVELOPER_FRAMEWORKS_DIR)</string>
				</array>
				<key>GCC_PRECOMPILE_PREFIX_HEADER</key>
				<string>YES</string>
				<key>GCC_PREFIX_HEADER</key>
				<string>Realm-Demo/Realm-Demo-Prefix.pch</string>
				<key>GCC_PREPROCESSOR_DEFINITIONS</key>
				<array>
					<string>DEBUG=1</string>
					<string>$(inherited)</string>
				</array>
				<key>INFOPLIST_FILE</key>
				<string>Realm-DemoTests/Realm-DemoTests-Info.plist</string>
				<key>PRODUCT_NAME</key>
				<string>$(TARGET_NAME)</string>
				<key>TEST_HOST</key>
				<string>$(BUNDLE_LOADER)</string>
				<key>WRAPPER_EXTENSION</key>
				<string>xctest</string>
			</dict>
			<key>isa</key>
			<string>XCBuildConfiguration</string>
			<key>name</key>
			<string>Debug</string>
		</dict>
		<key>D8D6169B197B636A00B9610C</key>
		<dict>
			<key>buildSettings</key>
			<dict>
				<key>BUNDLE_LOADER</key>
				<string>$(BUILT_PRODUCTS_DIR)/Realm-Demo.app/Realm-Demo</string>
				<key>FRAMEWORK_SEARCH_PATHS</key>
				<array>
					<string>$(SDKROOT)/Developer/Library/Frameworks</string>
					<string>$(inherited)</string>
					<string>$(DEVELOPER_FRAMEWORKS_DIR)</string>
				</array>
				<key>GCC_PRECOMPILE_PREFIX_HEADER</key>
				<string>YES</string>
				<key>GCC_PREFIX_HEADER</key>
				<string>Realm-Demo/Realm-Demo-Prefix.pch</string>
				<key>INFOPLIST_FILE</key>
				<string>Realm-DemoTests/Realm-DemoTests-Info.plist</string>
				<key>PRODUCT_NAME</key>
				<string>$(TARGET_NAME)</string>
				<key>TEST_HOST</key>
				<string>$(BUNDLE_LOADER)</string>
				<key>WRAPPER_EXTENSION</key>
				<string>xctest</string>
			</dict>
			<key>isa</key>
			<string>XCBuildConfiguration</string>
			<key>name</key>
			<string>Release</string>
		</dict>
		<key>D8D6169C197B637300B9610C</key>
		<dict>
			<key>children</key>
			<array>
				<string>D8D6167E197B636900B9610C</string>
				<string>D8D61672197B636900B9610C</string>
				<string>D8D61675197B636900B9610C</string>
			</array>
			<key>isa</key>
			<string>PBXGroup</string>
			<key>name</key>
			<string>Resources</string>
			<key>sourceTree</key>
			<string>&lt;group&gt;</string>
		</dict>
		<key>D8D6169D197B638100B9610C</key>
		<dict>
			<key>children</key>
			<array>
				<string>D8D6169F197B640C00B9610C</string>
				<string>D8D616A0197B640C00B9610C</string>
			</array>
			<key>isa</key>
			<string>PBXGroup</string>
			<key>name</key>
			<string>View Controllers</string>
			<key>sourceTree</key>
			<string>&lt;group&gt;</string>
		</dict>
		<key>D8D6169E197B638600B9610C</key>
		<dict>
			<key>children</key>
			<array>
				<string>D8D6166F197B636900B9610C</string>
				<string>D8D61670197B636900B9610C</string>
				<string>D8D616A2197B642D00B9610C</string>
				<string>D8D6169D197B638100B9610C</string>
			</array>
			<key>isa</key>
			<string>PBXGroup</string>
			<key>name</key>
			<string>Source</string>
			<key>sourceTree</key>
			<string>&lt;group&gt;</string>
		</dict>
		<key>D8D6169F197B640C00B9610C</key>
		<dict>
			<key>fileEncoding</key>
			<string>4</string>
			<key>isa</key>
			<string>PBXFileReference</string>
			<key>lastKnownFileType</key>
			<string>sourcecode.c.h</string>
			<key>path</key>
			<string>MainViewController.h</string>
			<key>sourceTree</key>
			<string>&lt;group&gt;</string>
		</dict>
		<key>D8D616A0197B640C00B9610C</key>
		<dict>
			<key>fileEncoding</key>
			<string>4</string>
			<key>isa</key>
			<string>PBXFileReference</string>
			<key>lastKnownFileType</key>
			<string>sourcecode.c.objc</string>
			<key>path</key>
			<string>MainViewController.m</string>
			<key>sourceTree</key>
			<string>&lt;group&gt;</string>
		</dict>
		<key>D8D616A1197B640C00B9610C</key>
		<dict>
			<key>fileRef</key>
			<string>D8D616A0197B640C00B9610C</string>
			<key>isa</key>
			<string>PBXBuildFile</string>
		</dict>
		<key>D8D616A2197B642D00B9610C</key>
		<dict>
			<key>children</key>
			<array>
				<string>D8D616A3197B646100B9610C</string>
				<string>D8D616A4197B646100B9610C</string>
			</array>
			<key>isa</key>
			<string>PBXGroup</string>
			<key>name</key>
			<string>Model</string>
			<key>sourceTree</key>
			<string>&lt;group&gt;</string>
		</dict>
		<key>D8D616A3197B646100B9610C</key>
		<dict>
			<key>fileEncoding</key>
			<string>4</string>
			<key>isa</key>
			<string>PBXFileReference</string>
			<key>lastKnownFileType</key>
			<string>sourcecode.c.h</string>
			<key>path</key>
			<string>DataSource.h</string>
			<key>sourceTree</key>
			<string>&lt;group&gt;</string>
		</dict>
		<key>D8D616A4197B646100B9610C</key>
		<dict>
			<key>fileEncoding</key>
			<string>4</string>
			<key>isa</key>
			<string>PBXFileReference</string>
			<key>lastKnownFileType</key>
			<string>sourcecode.c.objc</string>
			<key>path</key>
			<string>DataSource.m</string>
			<key>sourceTree</key>
			<string>&lt;group&gt;</string>
		</dict>
		<key>D8D616A5197B646100B9610C</key>
		<dict>
			<key>fileRef</key>
			<string>D8D616A4197B646100B9610C</string>
			<key>isa</key>
			<string>PBXBuildFile</string>
		</dict>
	</dict>
	<key>rootObject</key>
	<string>D8D61653197B636900B9610C</string>
</dict>
</plist>
